
Microsoft Visual Studio Solution File, Format Version 12.00
# Visual Studio Version 16
VisualStudioVersion = 16.0.30011.22
MinimumVisualStudioVersion = 10.0.40219.1
Project("{FAE04EC0-301F-11D3-BF4B-00C04F79EFBC}") = "DataStructure_StackApplication", "DataStructure_StackApplication\DataStructure_StackApplication.csproj", "{31C865A7-9497-4AA7-8C9F-458858C2C78D}"
EndProject
Global
	GlobalSection(SolutionConfigurationPlatforms) = preSolution
		Debug|Any CPU = Debug|Any CPU
		Release|Any CPU = Release|Any CPU
	EndGlobalSection
	GlobalSection(ProjectConfigurationPlatforms) = postSolution
		{31C865A7-9497-4AA7-8C9F-458858C2C78D}.Debug|Any CPU.ActiveCfg = Debug|Any CPU
		{31C865A7-9497-4AA7-8C9F-458858C2C78D}.Debug|Any CPU.Build.0 = Debug|Any CPU
		{31C865A7-9497-4AA7-8C9F-458858C2C78D}.Release|Any CPU.ActiveCfg = Release|Any CPU
		{31C865A7-9497-4AA7-8C9F-458858C2C78D}.Release|Any CPU.Build.0 = Release|Any CPU
	EndGlobalSection
	GlobalSection(SolutionProperties) = preSolution
		HideSolutionNode = FALSE
	EndGlobalSection
	GlobalSection(ExtensibilityGlobals) = postSolution
		SolutionGuid = {D91A2510-C144-44D3-A672-6D6EF1D081F3}
	EndGlobalSection
EndGlobal
