
Microsoft Visual Studio Solution File, Format Version 12.00
# Visual Studio Version 16
VisualStudioVersion = 16.0.30011.22
MinimumVisualStudioVersion = 10.0.40219.1
Project("{FAE04EC0-301F-11D3-BF4B-00C04F79EFBC}") = "DataStructure_Queue", "DataStructure_Queue\DataStructure_Queue.csproj", "{30E8C273-7E5B-4367-A0F8-9FE883B6D121}"
EndProject
Global
	GlobalSection(SolutionConfigurationPlatforms) = preSolution
		Debug|Any CPU = Debug|Any CPU
		Release|Any CPU = Release|Any CPU
	EndGlobalSection
	GlobalSection(ProjectConfigurationPlatforms) = postSolution
		{30E8C273-7E5B-4367-A0F8-9FE883B6D121}.Debug|Any CPU.ActiveCfg = Debug|Any CPU
		{30E8C273-7E5B-4367-A0F8-9FE883B6D121}.Debug|Any CPU.Build.0 = Debug|Any CPU
		{30E8C273-7E5B-4367-A0F8-9FE883B6D121}.Release|Any CPU.ActiveCfg = Release|Any CPU
		{30E8C273-7E5B-4367-A0F8-9FE883B6D121}.Release|Any CPU.Build.0 = Release|Any CPU
	EndGlobalSection
	GlobalSection(SolutionProperties) = preSolution
		HideSolutionNode = FALSE
	EndGlobalSection
	GlobalSection(ExtensibilityGlobals) = postSolution
		SolutionGuid = {47439EAE-0B38-4BA3-8238-87ED59905B04}
	EndGlobalSection
EndGlobal
